
Microsoft Visual Studio Solution File, Format Version 12.00
Project("{FAE04EC0-301F-11D3-BF4B-00C04F79EFBC}") = "DefaultBlazor", "DefaultBlazor\DefaultBlazor.csproj", "{42EDF967-473D-42D7-BB80-A5CEA97BCABE}"
EndProject
Project("{FAE04EC0-301F-11D3-BF4B-00C04F79EFBC}") = "AdvancedTodo", "AdvancedTodo\AdvancedTodo.csproj", "{32F50AF0-018E-41B1-94C1-EF432DC33CDF}"
EndProject
Global
	GlobalSection(SolutionConfigurationPlatforms) = preSolution
		Debug|Any CPU = Debug|Any CPU
		Release|Any CPU = Release|Any CPU
	EndGlobalSection
	GlobalSection(ProjectConfigurationPlatforms) = postSolution
		{42EDF967-473D-42D7-BB80-A5CEA97BCABE}.Debug|Any CPU.ActiveCfg = Debug|Any CPU
		{42EDF967-473D-42D7-BB80-A5CEA97BCABE}.Debug|Any CPU.Build.0 = Debug|Any CPU
		{42EDF967-473D-42D7-BB80-A5CEA97BCABE}.Release|Any CPU.ActiveCfg = Release|Any CPU
		{42EDF967-473D-42D7-BB80-A5CEA97BCABE}.Release|Any CPU.Build.0 = Release|Any CPU
		{32F50AF0-018E-41B1-94C1-EF432DC33CDF}.Debug|Any CPU.ActiveCfg = Debug|Any CPU
		{32F50AF0-018E-41B1-94C1-EF432DC33CDF}.Debug|Any CPU.Build.0 = Debug|Any CPU
		{32F50AF0-018E-41B1-94C1-EF432DC33CDF}.Release|Any CPU.ActiveCfg = Release|Any CPU
		{32F50AF0-018E-41B1-94C1-EF432DC33CDF}.Release|Any CPU.Build.0 = Release|Any CPU
	EndGlobalSection
EndGlobal
